// !$*UTF8*$!
{
	archiveVersion = 1;
	classes = {
	};
	objectVersion = 56;
	objects = {

/* Begin PBXBuildFile section */
		655181FC2C523A22006F2299 /* main.swift in Sources */ = {isa = PBXBuildFile; fileRef = 655181FB2C523A22006F2299 /* main.swift */; };
		6563C0DF2C4F9B5C00731F8A /* main.swift in Sources */ = {isa = PBXBuildFile; fileRef = 6563C0DE2C4F9B5C00731F8A /* main.swift */; };
		6563EA8A2C4E41B600575028 /* main.swift in Sources */ = {isa = PBXBuildFile; fileRef = 6563EA892C4E41B600575028 /* main.swift */; };
		656B51CD2C50EFF8002B2565 /* main.swift in Sources */ = {isa = PBXBuildFile; fileRef = 656B51CC2C50EFF8002B2565 /* main.swift */; };
		657264072C3BD87200399363 /* main.swift in Sources */ = {isa = PBXBuildFile; fileRef = 657264062C3BD87200399363 /* main.swift */; };
		6572640C2C3BFBB700399363 /* Functions.swift in Sources */ = {isa = PBXBuildFile; fileRef = 6572640B2C3BFBB700399363 /* Functions.swift */; };
		65747F472C369CF300EA3D4B /* main.swift in Sources */ = {isa = PBXBuildFile; fileRef = 65747F462C369CF300EA3D4B /* main.swift */; };
		65747F4D2C369F9900EA3D4B /* Funktionen.swift in Sources */ = {isa = PBXBuildFile; fileRef = 65747F4B2C369F9500EA3D4B /* Funktionen.swift */; };
		6579EE852C451B850015CC94 /* main.swift in Sources */ = {isa = PBXBuildFile; fileRef = 6579EE842C451B850015CC94 /* main.swift */; };
		6579EE942C4671B10015CC94 /* main.swift in Sources */ = {isa = PBXBuildFile; fileRef = 6579EE932C4671B10015CC94 /* main.swift */; };
		657ED2272C2AAF4400914317 /* main.swift in Sources */ = {isa = PBXBuildFile; fileRef = 657ED2262C2AAF4400914317 /* main.swift */; };
		65B734372C329B5200EBA80C /* main.swift in Sources */ = {isa = PBXBuildFile; fileRef = 65B734362C329B5200EBA80C /* main.swift */; };
/* End PBXBuildFile section */

/* Begin PBXCopyFilesBuildPhase section */
		655181F72C523A22006F2299 /* CopyFiles */ = {
			isa = PBXCopyFilesBuildPhase;
			buildActionMask = 2147483647;
			dstPath = /usr/share/man/man1/;
			dstSubfolderSpec = 0;
			files = (
			);
			runOnlyForDeploymentPostprocessing = 1;
		};
		6563C0DA2C4F9B5C00731F8A /* CopyFiles */ = {
			isa = PBXCopyFilesBuildPhase;
			buildActionMask = 2147483647;
			dstPath = /usr/share/man/man1/;
			dstSubfolderSpec = 0;
			files = (
			);
			runOnlyForDeploymentPostprocessing = 1;
		};
		6563EA852C4E41B600575028 /* CopyFiles */ = {
			isa = PBXCopyFilesBuildPhase;
			buildActionMask = 2147483647;
			dstPath = /usr/share/man/man1/;
			dstSubfolderSpec = 0;
			files = (
			);
			runOnlyForDeploymentPostprocessing = 1;
		};
		656B51C82C50EFF8002B2565 /* CopyFiles */ = {
			isa = PBXCopyFilesBuildPhase;
			buildActionMask = 2147483647;
			dstPath = /usr/share/man/man1/;
			dstSubfolderSpec = 0;
			files = (
			);
			runOnlyForDeploymentPostprocessing = 1;
		};
		657264022C3BD87200399363 /* CopyFiles */ = {
			isa = PBXCopyFilesBuildPhase;
			buildActionMask = 2147483647;
			dstPath = /usr/share/man/man1/;
			dstSubfolderSpec = 0;
			files = (
			);
			runOnlyForDeploymentPostprocessing = 1;
		};
		65747F422C369CF300EA3D4B /* CopyFiles */ = {
			isa = PBXCopyFilesBuildPhase;
			buildActionMask = 2147483647;
			dstPath = /usr/share/man/man1/;
			dstSubfolderSpec = 0;
			files = (
			);
			runOnlyForDeploymentPostprocessing = 1;
		};
		6579EE802C451B850015CC94 /* CopyFiles */ = {
			isa = PBXCopyFilesBuildPhase;
			buildActionMask = 2147483647;
			dstPath = /usr/share/man/man1/;
			dstSubfolderSpec = 0;
			files = (
			);
			runOnlyForDeploymentPostprocessing = 1;
		};
		6579EE8F2C4671B10015CC94 /* CopyFiles */ = {
			isa = PBXCopyFilesBuildPhase;
			buildActionMask = 2147483647;
			dstPath = /usr/share/man/man1/;
			dstSubfolderSpec = 0;
			files = (
			);
			runOnlyForDeploymentPostprocessing = 1;
		};
		657ED2212C2AAF4400914317 /* CopyFiles */ = {
			isa = PBXCopyFilesBuildPhase;
			buildActionMask = 2147483647;
			dstPath = /usr/share/man/man1/;
			dstSubfolderSpec = 0;
			files = (
			);
			runOnlyForDeploymentPostprocessing = 1;
		};
		65B734322C329B5200EBA80C /* CopyFiles */ = {
			isa = PBXCopyFilesBuildPhase;
			buildActionMask = 2147483647;
			dstPath = /usr/share/man/man1/;
			dstSubfolderSpec = 0;
			files = (
			);
			runOnlyForDeploymentPostprocessing = 1;
		};
/* End PBXCopyFilesBuildPhase section */

/* Begin PBXFileReference section */
		655181F92C523A22006F2299 /* Woche 5 Tag 4 */ = {isa = PBXFileReference; explicitFileType = "compiled.mach-o.executable"; includeInIndex = 0; path = "Woche 5 Tag 4"; sourceTree = BUILT_PRODUCTS_DIR; };
		655181FB2C523A22006F2299 /* main.swift */ = {isa = PBXFileReference; lastKnownFileType = sourcecode.swift; path = main.swift; sourceTree = "<group>"; };
		6563C0DC2C4F9B5C00731F8A /* Woche 5 Tag 2 */ = {isa = PBXFileReference; explicitFileType = "compiled.mach-o.executable"; includeInIndex = 0; path = "Woche 5 Tag 2"; sourceTree = BUILT_PRODUCTS_DIR; };
		6563C0DE2C4F9B5C00731F8A /* main.swift */ = {isa = PBXFileReference; lastKnownFileType = sourcecode.swift; path = main.swift; sourceTree = "<group>"; };
		6563EA872C4E41B600575028 /* Woche 5 Tag 1-5 */ = {isa = PBXFileReference; explicitFileType = "compiled.mach-o.executable"; includeInIndex = 0; path = "Woche 5 Tag 1-5"; sourceTree = BUILT_PRODUCTS_DIR; };
		6563EA892C4E41B600575028 /* main.swift */ = {isa = PBXFileReference; lastKnownFileType = sourcecode.swift; path = main.swift; sourceTree = "<group>"; };
		656B51CA2C50EFF8002B2565 /* Woche 5 Tag 3 */ = {isa = PBXFileReference; explicitFileType = "compiled.mach-o.executable"; includeInIndex = 0; path = "Woche 5 Tag 3"; sourceTree = BUILT_PRODUCTS_DIR; };
		656B51CC2C50EFF8002B2565 /* main.swift */ = {isa = PBXFileReference; lastKnownFileType = sourcecode.swift; path = main.swift; sourceTree = "<group>"; };
		657264042C3BD87200399363 /* Woche 3 Tag 1-5 */ = {isa = PBXFileReference; explicitFileType = "compiled.mach-o.executable"; includeInIndex = 0; path = "Woche 3 Tag 1-5"; sourceTree = BUILT_PRODUCTS_DIR; };
		657264062C3BD87200399363 /* main.swift */ = {isa = PBXFileReference; lastKnownFileType = sourcecode.swift; path = main.swift; sourceTree = "<group>"; };
		6572640B2C3BFBB700399363 /* Functions.swift */ = {isa = PBXFileReference; lastKnownFileType = sourcecode.swift; path = Functions.swift; sourceTree = "<group>"; };
		65747F442C369CF300EA3D4B /* Woche 2 # */ = {isa = PBXFileReference; explicitFileType = "compiled.mach-o.executable"; includeInIndex = 0; path = "Woche 2 #"; sourceTree = BUILT_PRODUCTS_DIR; };
		65747F462C369CF300EA3D4B /* main.swift */ = {isa = PBXFileReference; lastKnownFileType = sourcecode.swift; path = main.swift; sourceTree = "<group>"; };
		65747F4B2C369F9500EA3D4B /* Funktionen.swift */ = {isa = PBXFileReference; lastKnownFileType = sourcecode.swift; path = Funktionen.swift; sourceTree = "<group>"; };
		6579EE822C451B850015CC94 /* Woche 4 Tag 1-5 */ = {isa = PBXFileReference; explicitFileType = "compiled.mach-o.executable"; includeInIndex = 0; path = "Woche 4 Tag 1-5"; sourceTree = BUILT_PRODUCTS_DIR; };
		6579EE842C451B850015CC94 /* main.swift */ = {isa = PBXFileReference; lastKnownFileType = sourcecode.swift; path = main.swift; sourceTree = "<group>"; };
		6579EE912C4671B10015CC94 /* Woche 4 Tag 2 */ = {isa = PBXFileReference; explicitFileType = "compiled.mach-o.executable"; includeInIndex = 0; path = "Woche 4 Tag 2"; sourceTree = BUILT_PRODUCTS_DIR; };
		6579EE932C4671B10015CC94 /* main.swift */ = {isa = PBXFileReference; lastKnownFileType = sourcecode.swift; path = main.swift; sourceTree = "<group>"; };
		657ED2232C2AAF4400914317 /* CodingChallanges */ = {isa = PBXFileReference; explicitFileType = "compiled.mach-o.executable"; includeInIndex = 0; path = CodingChallanges; sourceTree = BUILT_PRODUCTS_DIR; };
		657ED2262C2AAF4400914317 /* main.swift */ = {isa = PBXFileReference; lastKnownFileType = sourcecode.swift; path = main.swift; sourceTree = "<group>"; };
		65B734342C329B5200EBA80C /* Woche 2 */ = {isa = PBXFileReference; explicitFileType = "compiled.mach-o.executable"; includeInIndex = 0; path = "Woche 2"; sourceTree = BUILT_PRODUCTS_DIR; };
		65B734362C329B5200EBA80C /* main.swift */ = {isa = PBXFileReference; lastKnownFileType = sourcecode.swift; path = main.swift; sourceTree = "<group>"; };
/* End PBXFileReference section */

/* Begin PBXFrameworksBuildPhase section */
		655181F62C523A22006F2299 /* Frameworks */ = {
			isa = PBXFrameworksBuildPhase;
			buildActionMask = 2147483647;
			files = (
			);
			runOnlyForDeploymentPostprocessing = 0;
		};
		6563C0D92C4F9B5C00731F8A /* Frameworks */ = {
			isa = PBXFrameworksBuildPhase;
			buildActionMask = 2147483647;
			files = (
			);
			runOnlyForDeploymentPostprocessing = 0;
		};
		6563EA842C4E41B600575028 /* Frameworks */ = {
			isa = PBXFrameworksBuildPhase;
			buildActionMask = 2147483647;
			files = (
			);
			runOnlyForDeploymentPostprocessing = 0;
		};
		656B51C72C50EFF8002B2565 /* Frameworks */ = {
			isa = PBXFrameworksBuildPhase;
			buildActionMask = 2147483647;
			files = (
			);
			runOnlyForDeploymentPostprocessing = 0;
		};
		657264012C3BD87200399363 /* Frameworks */ = {
			isa = PBXFrameworksBuildPhase;
			buildActionMask = 2147483647;
			files = (
			);
			runOnlyForDeploymentPostprocessing = 0;
		};
		65747F412C369CF300EA3D4B /* Frameworks */ = {
			isa = PBXFrameworksBuildPhase;
			buildActionMask = 2147483647;
			files = (
			);
			runOnlyForDeploymentPostprocessing = 0;
		};
		6579EE7F2C451B850015CC94 /* Frameworks */ = {
			isa = PBXFrameworksBuildPhase;
			buildActionMask = 2147483647;
			files = (
			);
			runOnlyForDeploymentPostprocessing = 0;
		};
		6579EE8E2C4671B10015CC94 /* Frameworks */ = {
			isa = PBXFrameworksBuildPhase;
			buildActionMask = 2147483647;
			files = (
			);
			runOnlyForDeploymentPostprocessing = 0;
		};
		657ED2202C2AAF4400914317 /* Frameworks */ = {
			isa = PBXFrameworksBuildPhase;
			buildActionMask = 2147483647;
			files = (
			);
			runOnlyForDeploymentPostprocessing = 0;
		};
		65B734312C329B5200EBA80C /* Frameworks */ = {
			isa = PBXFrameworksBuildPhase;
			buildActionMask = 2147483647;
			files = (
			);
			runOnlyForDeploymentPostprocessing = 0;
		};
/* End PBXFrameworksBuildPhase section */

/* Begin PBXGroup section */
		655181FA2C523A22006F2299 /* Woche 5 Tag 4 */ = {
			isa = PBXGroup;
			children = (
				655181FB2C523A22006F2299 /* main.swift */,
			);
			path = "Woche 5 Tag 4";
			sourceTree = "<group>";
		};
		6563C0DD2C4F9B5C00731F8A /* Woche 5 Tag 2 */ = {
			isa = PBXGroup;
			children = (
				6563C0DE2C4F9B5C00731F8A /* main.swift */,
			);
			path = "Woche 5 Tag 2";
			sourceTree = "<group>";
		};
		6563EA882C4E41B600575028 /* Woche 5 Tag 1 */ = {
			isa = PBXGroup;
			children = (
				6563EA892C4E41B600575028 /* main.swift */,
			);
			path = "Woche 5 Tag 1";
			sourceTree = "<group>";
		};
		6569BE622C33FA7F00268AB0 /* Woche 1 */ = {
			isa = PBXGroup;
			children = (
				657ED2262C2AAF4400914317 /* main.swift */,
			);
			path = "Woche 1";
			sourceTree = "<group>";
		};
		656B51CB2C50EFF8002B2565 /* Woche 5 Tag 3 */ = {
			isa = PBXGroup;
			children = (
				656B51CC2C50EFF8002B2565 /* main.swift */,
			);
			path = "Woche 5 Tag 3";
			sourceTree = "<group>";
		};
		657264052C3BD87200399363 /* Woche 3 Tag 1-5 */ = {
			isa = PBXGroup;
			children = (
				657264062C3BD87200399363 /* main.swift */,
				6572640B2C3BFBB700399363 /* Functions.swift */,
			);
			path = "Woche 3 Tag 1-5";
			sourceTree = "<group>";
		};
		65747F452C369CF300EA3D4B /* Woche 2 Tag 4 */ = {
			isa = PBXGroup;
			children = (
				65747F462C369CF300EA3D4B /* main.swift */,
				65747F4B2C369F9500EA3D4B /* Funktionen.swift */,
			);
			path = "Woche 2 Tag 4";
			sourceTree = "<group>";
		};
		6579EE832C451B850015CC94 /* Woche 4 Tag 1 */ = {
			isa = PBXGroup;
			children = (
				6579EE842C451B850015CC94 /* main.swift */,
			);
			path = "Woche 4 Tag 1";
			sourceTree = "<group>";
		};
		6579EE922C4671B10015CC94 /* Woche 4 Tag 2-5 */ = {
			isa = PBXGroup;
			children = (
				6579EE932C4671B10015CC94 /* main.swift */,
			);
			path = "Woche 4 Tag 2-5";
			sourceTree = "<group>";
		};
		657ED21A2C2AAF4400914317 = {
			isa = PBXGroup;
			children = (
				657ED2252C2AAF4400914317 /* CodingChallanges */,
				65B734352C329B5200EBA80C /* Woche 2 Tag 1-3 */,
				65747F452C369CF300EA3D4B /* Woche 2 Tag 4 */,
				657264052C3BD87200399363 /* Woche 3 Tag 1-5 */,
				6579EE832C451B850015CC94 /* Woche 4 Tag 1 */,
				6579EE922C4671B10015CC94 /* Woche 4 Tag 2-5 */,
				6563EA882C4E41B600575028 /* Woche 5 Tag 1 */,
				6563C0DD2C4F9B5C00731F8A /* Woche 5 Tag 2 */,
				656B51CB2C50EFF8002B2565 /* Woche 5 Tag 3 */,
				655181FA2C523A22006F2299 /* Woche 5 Tag 4 */,
				657ED2242C2AAF4400914317 /* Products */,
			);
			sourceTree = "<group>";
		};
		657ED2242C2AAF4400914317 /* Products */ = {
			isa = PBXGroup;
			children = (
				657ED2232C2AAF4400914317 /* CodingChallanges */,
				65B734342C329B5200EBA80C /* Woche 2 */,
				65747F442C369CF300EA3D4B /* Woche 2 # */,
				657264042C3BD87200399363 /* Woche 3 Tag 1-5 */,
				6579EE822C451B850015CC94 /* Woche 4 Tag 1-5 */,
				6579EE912C4671B10015CC94 /* Woche 4 Tag 2 */,
				6563EA872C4E41B600575028 /* Woche 5 Tag 1-5 */,
				6563C0DC2C4F9B5C00731F8A /* Woche 5 Tag 2 */,
				656B51CA2C50EFF8002B2565 /* Woche 5 Tag 3 */,
				655181F92C523A22006F2299 /* Woche 5 Tag 4 */,
			);
			name = Products;
			sourceTree = "<group>";
		};
		657ED2252C2AAF4400914317 /* CodingChallanges */ = {
			isa = PBXGroup;
			children = (
				6569BE622C33FA7F00268AB0 /* Woche 1 */,
			);
			path = CodingChallanges;
			sourceTree = "<group>";
		};
		65B734352C329B5200EBA80C /* Woche 2 Tag 1-3 */ = {
			isa = PBXGroup;
			children = (
				65B734362C329B5200EBA80C /* main.swift */,
			);
			path = "Woche 2 Tag 1-3";
			sourceTree = "<group>";
		};
/* End PBXGroup section */

/* Begin PBXNativeTarget section */
		655181F82C523A22006F2299 /* Woche 5 Tag 4 */ = {
			isa = PBXNativeTarget;
			buildConfigurationList = 655181FF2C523A22006F2299 /* Build configuration list for PBXNativeTarget "Woche 5 Tag 4" */;
			buildPhases = (
				655181F52C523A22006F2299 /* Sources */,
				655181F62C523A22006F2299 /* Frameworks */,
				655181F72C523A22006F2299 /* CopyFiles */,
			);
			buildRules = (
			);
			dependencies = (
			);
			name = "Woche 5 Tag 4";
			productName = "Woche 5 Tag 4";
			productReference = 655181F92C523A22006F2299 /* Woche 5 Tag 4 */;
			productType = "com.apple.product-type.tool";
		};
		6563C0DB2C4F9B5C00731F8A /* Woche 5 Tag 2 */ = {
			isa = PBXNativeTarget;
			buildConfigurationList = 6563C0E22C4F9B5C00731F8A /* Build configuration list for PBXNativeTarget "Woche 5 Tag 2" */;
			buildPhases = (
				6563C0D82C4F9B5C00731F8A /* Sources */,
				6563C0D92C4F9B5C00731F8A /* Frameworks */,
				6563C0DA2C4F9B5C00731F8A /* CopyFiles */,
			);
			buildRules = (
			);
			dependencies = (
			);
			name = "Woche 5 Tag 2";
			productName = "Woche 5 Tag 2";
			productReference = 6563C0DC2C4F9B5C00731F8A /* Woche 5 Tag 2 */;
			productType = "com.apple.product-type.tool";
		};
		6563EA862C4E41B600575028 /* Woche 5 Tag 1-5 */ = {
			isa = PBXNativeTarget;
			buildConfigurationList = 6563EA8D2C4E41B600575028 /* Build configuration list for PBXNativeTarget "Woche 5 Tag 1-5" */;
			buildPhases = (
				6563EA832C4E41B600575028 /* Sources */,
				6563EA842C4E41B600575028 /* Frameworks */,
				6563EA852C4E41B600575028 /* CopyFiles */,
			);
			buildRules = (
			);
			dependencies = (
			);
			name = "Woche 5 Tag 1-5";
			productName = "Woche 5 Tag 1-5";
			productReference = 6563EA872C4E41B600575028 /* Woche 5 Tag 1-5 */;
			productType = "com.apple.product-type.tool";
		};
		656B51C92C50EFF8002B2565 /* Woche 5 Tag 3 */ = {
			isa = PBXNativeTarget;
			buildConfigurationList = 656B51D02C50EFF8002B2565 /* Build configuration list for PBXNativeTarget "Woche 5 Tag 3" */;
			buildPhases = (
				656B51C62C50EFF8002B2565 /* Sources */,
				656B51C72C50EFF8002B2565 /* Frameworks */,
				656B51C82C50EFF8002B2565 /* CopyFiles */,
			);
			buildRules = (
			);
			dependencies = (
			);
			name = "Woche 5 Tag 3";
			productName = "Woche 5 Tag 3";
			productReference = 656B51CA2C50EFF8002B2565 /* Woche 5 Tag 3 */;
			productType = "com.apple.product-type.tool";
		};
		657264032C3BD87200399363 /* Woche 3 Tag 1-5 */ = {
			isa = PBXNativeTarget;
			buildConfigurationList = 6572640A2C3BD87200399363 /* Build configuration list for PBXNativeTarget "Woche 3 Tag 1-5" */;
			buildPhases = (
				657264002C3BD87200399363 /* Sources */,
				657264012C3BD87200399363 /* Frameworks */,
				657264022C3BD87200399363 /* CopyFiles */,
			);
			buildRules = (
			);
			dependencies = (
			);
			name = "Woche 3 Tag 1-5";
			productName = "Woche 3 Tag 1-5";
			productReference = 657264042C3BD87200399363 /* Woche 3 Tag 1-5 */;
			productType = "com.apple.product-type.tool";
		};
		65747F432C369CF300EA3D4B /* Woche 2 # */ = {
			isa = PBXNativeTarget;
			buildConfigurationList = 65747F4A2C369CF300EA3D4B /* Build configuration list for PBXNativeTarget "Woche 2 #" */;
			buildPhases = (
				65747F402C369CF300EA3D4B /* Sources */,
				65747F412C369CF300EA3D4B /* Frameworks */,
				65747F422C369CF300EA3D4B /* CopyFiles */,
			);
			buildRules = (
			);
			dependencies = (
			);
			name = "Woche 2 #";
			productName = "Woche 2 #";
			productReference = 65747F442C369CF300EA3D4B /* Woche 2 # */;
			productType = "com.apple.product-type.tool";
		};
		6579EE812C451B850015CC94 /* Woche 4 Tag 1-5 */ = {
			isa = PBXNativeTarget;
			buildConfigurationList = 6579EE862C451B850015CC94 /* Build configuration list for PBXNativeTarget "Woche 4 Tag 1-5" */;
			buildPhases = (
				6579EE7E2C451B850015CC94 /* Sources */,
				6579EE7F2C451B850015CC94 /* Frameworks */,
				6579EE802C451B850015CC94 /* CopyFiles */,
			);
			buildRules = (
			);
			dependencies = (
			);
			name = "Woche 4 Tag 1-5";
			productName = "Woche 4 Tag 1-5";
			productReference = 6579EE822C451B850015CC94 /* Woche 4 Tag 1-5 */;
			productType = "com.apple.product-type.tool";
		};
		6579EE902C4671B10015CC94 /* Woche 4 Tag 2 */ = {
			isa = PBXNativeTarget;
			buildConfigurationList = 6579EE972C4671B10015CC94 /* Build configuration list for PBXNativeTarget "Woche 4 Tag 2" */;
			buildPhases = (
				6579EE8D2C4671B10015CC94 /* Sources */,
				6579EE8E2C4671B10015CC94 /* Frameworks */,
				6579EE8F2C4671B10015CC94 /* CopyFiles */,
			);
			buildRules = (
			);
			dependencies = (
			);
			name = "Woche 4 Tag 2";
			productName = "Woche 4 Tag 2";
			productReference = 6579EE912C4671B10015CC94 /* Woche 4 Tag 2 */;
			productType = "com.apple.product-type.tool";
		};
		657ED2222C2AAF4400914317 /* CodingChallanges */ = {
			isa = PBXNativeTarget;
			buildConfigurationList = 657ED22A2C2AAF4400914317 /* Build configuration list for PBXNativeTarget "CodingChallanges" */;
			buildPhases = (
				657ED21F2C2AAF4400914317 /* Sources */,
				657ED2202C2AAF4400914317 /* Frameworks */,
				657ED2212C2AAF4400914317 /* CopyFiles */,
			);
			buildRules = (
			);
			dependencies = (
			);
			name = CodingChallanges;
			productName = CodingChallanges;
			productReference = 657ED2232C2AAF4400914317 /* CodingChallanges */;
			productType = "com.apple.product-type.tool";
		};
		65B734332C329B5200EBA80C /* Woche 2 */ = {
			isa = PBXNativeTarget;
			buildConfigurationList = 65B7343A2C329B5200EBA80C /* Build configuration list for PBXNativeTarget "Woche 2" */;
			buildPhases = (
				65B734302C329B5200EBA80C /* Sources */,
				65B734312C329B5200EBA80C /* Frameworks */,
				65B734322C329B5200EBA80C /* CopyFiles */,
			);
			buildRules = (
			);
			dependencies = (
			);
			name = "Woche 2";
			productName = "Woche 2";
			productReference = 65B734342C329B5200EBA80C /* Woche 2 */;
			productType = "com.apple.product-type.tool";
		};
/* End PBXNativeTarget section */

/* Begin PBXProject section */
		657ED21B2C2AAF4400914317 /* Project object */ = {
			isa = PBXProject;
			attributes = {
				BuildIndependentTargetsInParallel = 1;
				LastSwiftUpdateCheck = 1540;
				LastUpgradeCheck = 1540;
				TargetAttributes = {
					655181F82C523A22006F2299 = {
						CreatedOnToolsVersion = 15.4;
					};
					6563C0DB2C4F9B5C00731F8A = {
						CreatedOnToolsVersion = 15.4;
					};
					6563EA862C4E41B600575028 = {
						CreatedOnToolsVersion = 15.4;
					};
					656B51C92C50EFF8002B2565 = {
						CreatedOnToolsVersion = 15.4;
					};
					657264032C3BD87200399363 = {
						CreatedOnToolsVersion = 15.4;
					};
					65747F432C369CF300EA3D4B = {
						CreatedOnToolsVersion = 15.4;
					};
					6579EE812C451B850015CC94 = {
						CreatedOnToolsVersion = 15.4;
					};
					6579EE902C4671B10015CC94 = {
						CreatedOnToolsVersion = 15.4;
					};
					657ED2222C2AAF4400914317 = {
						CreatedOnToolsVersion = 15.4;
					};
					65B734332C329B5200EBA80C = {
						CreatedOnToolsVersion = 15.4;
					};
				};
			};
			buildConfigurationList = 657ED21E2C2AAF4400914317 /* Build configuration list for PBXProject "CodingChallanges" */;
			compatibilityVersion = "Xcode 14.0";
			developmentRegion = en;
			hasScannedForEncodings = 0;
			knownRegions = (
				en,
				Base,
			);
			mainGroup = 657ED21A2C2AAF4400914317;
			productRefGroup = 657ED2242C2AAF4400914317 /* Products */;
			projectDirPath = "";
			projectRoot = "";
			targets = (
				657ED2222C2AAF4400914317 /* CodingChallanges */,
				65B734332C329B5200EBA80C /* Woche 2 */,
				65747F432C369CF300EA3D4B /* Woche 2 # */,
				657264032C3BD87200399363 /* Woche 3 Tag 1-5 */,
				6579EE812C451B850015CC94 /* Woche 4 Tag 1-5 */,
				6579EE902C4671B10015CC94 /* Woche 4 Tag 2 */,
				6563EA862C4E41B600575028 /* Woche 5 Tag 1-5 */,
				6563C0DB2C4F9B5C00731F8A /* Woche 5 Tag 2 */,
				656B51C92C50EFF8002B2565 /* Woche 5 Tag 3 */,
				655181F82C523A22006F2299 /* Woche 5 Tag 4 */,
			);
		};
/* End PBXProject section */

/* Begin PBXSourcesBuildPhase section */
		655181F52C523A22006F2299 /* Sources */ = {
			isa = PBXSourcesBuildPhase;
			buildActionMask = 2147483647;
			files = (
				655181FC2C523A22006F2299 /* main.swift in Sources */,
			);
			runOnlyForDeploymentPostprocessing = 0;
		};
		6563C0D82C4F9B5C00731F8A /* Sources */ = {
			isa = PBXSourcesBuildPhase;
			buildActionMask = 2147483647;
			files = (
				6563C0DF2C4F9B5C00731F8A /* main.swift in Sources */,
			);
			runOnlyForDeploymentPostprocessing = 0;
		};
		6563EA832C4E41B600575028 /* Sources */ = {
			isa = PBXSourcesBuildPhase;
			buildActionMask = 2147483647;
			files = (
				6563EA8A2C4E41B600575028 /* main.swift in Sources */,
			);
			runOnlyForDeploymentPostprocessing = 0;
		};
		656B51C62C50EFF8002B2565 /* Sources */ = {
			isa = PBXSourcesBuildPhase;
			buildActionMask = 2147483647;
			files = (
				656B51CD2C50EFF8002B2565 /* main.swift in Sources */,
			);
			runOnlyForDeploymentPostprocessing = 0;
		};
		657264002C3BD87200399363 /* Sources */ = {
			isa = PBXSourcesBuildPhase;
			buildActionMask = 2147483647;
			files = (
				657264072C3BD87200399363 /* main.swift in Sources */,
				6572640C2C3BFBB700399363 /* Functions.swift in Sources */,
			);
			runOnlyForDeploymentPostprocessing = 0;
		};
		65747F402C369CF300EA3D4B /* Sources */ = {
			isa = PBXSourcesBuildPhase;
			buildActionMask = 2147483647;
			files = (
				65747F4D2C369F9900EA3D4B /* Funktionen.swift in Sources */,
				65747F472C369CF300EA3D4B /* main.swift in Sources */,
			);
			runOnlyForDeploymentPostprocessing = 0;
		};
		6579EE7E2C451B850015CC94 /* Sources */ = {
			isa = PBXSourcesBuildPhase;
			buildActionMask = 2147483647;
			files = (
				6579EE852C451B850015CC94 /* main.swift in Sources */,
			);
			runOnlyForDeploymentPostprocessing = 0;
		};
		6579EE8D2C4671B10015CC94 /* Sources */ = {
			isa = PBXSourcesBuildPhase;
			buildActionMask = 2147483647;
			files = (
				6579EE942C4671B10015CC94 /* main.swift in Sources */,
			);
			runOnlyForDeploymentPostprocessing = 0;
		};
		657ED21F2C2AAF4400914317 /* Sources */ = {
			isa = PBXSourcesBuildPhase;
			buildActionMask = 2147483647;
			files = (
				657ED2272C2AAF4400914317 /* main.swift in Sources */,
			);
			runOnlyForDeploymentPostprocessing = 0;
		};
		65B734302C329B5200EBA80C /* Sources */ = {
			isa = PBXSourcesBuildPhase;
			buildActionMask = 2147483647;
			files = (
				65B734372C329B5200EBA80C /* main.swift in Sources */,
			);
			runOnlyForDeploymentPostprocessing = 0;
		};
/* End PBXSourcesBuildPhase section */

/* Begin XCBuildConfiguration section */
		655181FD2C523A22006F2299 /* Debug */ = {
			isa = XCBuildConfiguration;
			buildSettings = {
				CODE_SIGN_STYLE = Automatic;
				PRODUCT_NAME = "$(TARGET_NAME)";
				SWIFT_VERSION = 5.0;
			};
			name = Debug;
		};
		655181FE2C523A22006F2299 /* Release */ = {
			isa = XCBuildConfiguration;
			buildSettings = {
				CODE_SIGN_STYLE = Automatic;
				PRODUCT_NAME = "$(TARGET_NAME)";
				SWIFT_VERSION = 5.0;
			};
			name = Release;
		};
		6563C0E02C4F9B5C00731F8A /* Debug */ = {
			isa = XCBuildConfiguration;
			buildSettings = {
				CODE_SIGN_STYLE = Automatic;
				PRODUCT_NAME = "$(TARGET_NAME)";
				SWIFT_VERSION = 5.0;
			};
			name = Debug;
		};
		6563C0E12C4F9B5C00731F8A /* Release */ = {
			isa = XCBuildConfiguration;
			buildSettings = {
				CODE_SIGN_STYLE = Automatic;
				PRODUCT_NAME = "$(TARGET_NAME)";
				SWIFT_VERSION = 5.0;
			};
			name = Release;
		};
		6563EA8B2C4E41B600575028 /* Debug */ = {
			isa = XCBuildConfiguration;
			buildSettings = {
				CODE_SIGN_STYLE = Automatic;
				PRODUCT_NAME = "$(TARGET_NAME)";
				SWIFT_VERSION = 5.0;
			};
			name = Debug;
		};
		6563EA8C2C4E41B600575028 /* Release */ = {
			isa = XCBuildConfiguration;
			buildSettings = {
				CODE_SIGN_STYLE = Automatic;
				PRODUCT_NAME = "$(TARGET_NAME)";
				SWIFT_VERSION = 5.0;
			};
			name = Release;
		};
		656B51CE2C50EFF8002B2565 /* Debug */ = {
			isa = XCBuildConfiguration;
			buildSettings = {
				CODE_SIGN_STYLE = Automatic;
				PRODUCT_NAME = "$(TARGET_NAME)";
				SWIFT_VERSION = 5.0;
			};
			name = Debug;
		};
		656B51CF2C50EFF8002B2565 /* Release */ = {
			isa = XCBuildConfiguration;
			buildSettings = {
				CODE_SIGN_STYLE = Automatic;
				PRODUCT_NAME = "$(TARGET_NAME)";
				SWIFT_VERSION = 5.0;
			};
			name = Release;
		};
		657264082C3BD87200399363 /* Debug */ = {
			isa = XCBuildConfiguration;
			buildSettings = {
				CODE_SIGN_STYLE = Automatic;
				PRODUCT_NAME = "$(TARGET_NAME)";
				SWIFT_VERSION = 5.0;
			};
			name = Debug;
		};
		657264092C3BD87200399363 /* Release */ = {
			isa = XCBuildConfiguration;
			buildSettings = {
				CODE_SIGN_STYLE = Automatic;
				PRODUCT_NAME = "$(TARGET_NAME)";
				SWIFT_VERSION = 5.0;
			};
			name = Release;
		};
		65747F482C369CF300EA3D4B /* Debug */ = {
			isa = XCBuildConfiguration;
			buildSettings = {
				CODE_SIGN_STYLE = Automatic;
				PRODUCT_NAME = "$(TARGET_NAME)";
				SWIFT_VERSION = 5.0;
			};
			name = Debug;
		};
		65747F492C369CF300EA3D4B /* Release */ = {
			isa = XCBuildConfiguration;
			buildSettings = {
				CODE_SIGN_STYLE = Automatic;
				PRODUCT_NAME = "$(TARGET_NAME)";
				SWIFT_VERSION = 5.0;
			};
			name = Release;
		};
		6579EE872C451B850015CC94 /* Debug */ = {
			isa = XCBuildConfiguration;
			buildSettings = {
				CODE_SIGN_STYLE = Automatic;
				PRODUCT_NAME = "$(TARGET_NAME)";
				SWIFT_VERSION = 5.0;
			};
			name = Debug;
		};
		6579EE882C451B850015CC94 /* Release */ = {
			isa = XCBuildConfiguration;
			buildSettings = {
				CODE_SIGN_STYLE = Automatic;
				PRODUCT_NAME = "$(TARGET_NAME)";
				SWIFT_VERSION = 5.0;
			};
			name = Release;
		};
		6579EE952C4671B10015CC94 /* Debug */ = {
			isa = XCBuildConfiguration;
			buildSettings = {
				CODE_SIGN_STYLE = Automatic;
				PRODUCT_NAME = "$(TARGET_NAME)";
				SWIFT_VERSION = 5.0;
			};
			name = Debug;
		};
		6579EE962C4671B10015CC94 /* Release */ = {
			isa = XCBuildConfiguration;
			buildSettings = {
				CODE_SIGN_STYLE = Automatic;
				PRODUCT_NAME = "$(TARGET_NAME)";
				SWIFT_VERSION = 5.0;
			};
			name = Release;
		};
		657ED2282C2AAF4400914317 /* Debug */ = {
			isa = XCBuildConfiguration;
			buildSettings = {
				ALWAYS_SEARCH_USER_PATHS = NO;
				ASSETCATALOG_COMPILER_GENERATE_SWIFT_ASSET_SYMBOL_EXTENSIONS = YES;
				CLANG_ANALYZER_NONNULL = YES;
				CLANG_ANALYZER_NUMBER_OBJECT_CONVERSION = YES_AGGRESSIVE;
				CLANG_CXX_LANGUAGE_STANDARD = "gnu++20";
				CLANG_ENABLE_MODULES = YES;
				CLANG_ENABLE_OBJC_ARC = YES;
				CLANG_ENABLE_OBJC_WEAK = YES;
				CLANG_WARN_BLOCK_CAPTURE_AUTORELEASING = YES;
				CLANG_WARN_BOOL_CONVERSION = YES;
				CLANG_WARN_COMMA = YES;
				CLANG_WARN_CONSTANT_CONVERSION = YES;
				CLANG_WARN_DEPRECATED_OBJC_IMPLEMENTATIONS = YES;
				CLANG_WARN_DIRECT_OBJC_ISA_USAGE = YES_ERROR;
				CLANG_WARN_DOCUMENTATION_COMMENTS = YES;
				CLANG_WARN_EMPTY_BODY = YES;
				CLANG_WARN_ENUM_CONVERSION = YES;
				CLANG_WARN_INFINITE_RECURSION = YES;
				CLANG_WARN_INT_CONVERSION = YES;
				CLANG_WARN_NON_LITERAL_NULL_CONVERSION = YES;
				CLANG_WARN_OBJC_IMPLICIT_RETAIN_SELF = YES;
				CLANG_WARN_OBJC_LITERAL_CONVERSION = YES;
				CLANG_WARN_OBJC_ROOT_CLASS = YES_ERROR;
				CLANG_WARN_QUOTED_INCLUDE_IN_FRAMEWORK_HEADER = YES;
				CLANG_WARN_RANGE_LOOP_ANALYSIS = YES;
				CLANG_WARN_STRICT_PROTOTYPES = YES;
				CLANG_WARN_SUSPICIOUS_MOVE = YES;
				CLANG_WARN_UNGUARDED_AVAILABILITY = YES_AGGRESSIVE;
				CLANG_WARN_UNREACHABLE_CODE = YES;
				CLANG_WARN__DUPLICATE_METHOD_MATCH = YES;
				COPY_PHASE_STRIP = NO;
				DEBUG_INFORMATION_FORMAT = dwarf;
				ENABLE_STRICT_OBJC_MSGSEND = YES;
				ENABLE_TESTABILITY = YES;
				ENABLE_USER_SCRIPT_SANDBOXING = YES;
				GCC_C_LANGUAGE_STANDARD = gnu17;
				GCC_DYNAMIC_NO_PIC = NO;
				GCC_NO_COMMON_BLOCKS = YES;
				GCC_OPTIMIZATION_LEVEL = 0;
				GCC_PREPROCESSOR_DEFINITIONS = (
					"DEBUG=1",
					"$(inherited)",
				);
				GCC_WARN_64_TO_32_BIT_CONVERSION = YES;
				GCC_WARN_ABOUT_RETURN_TYPE = YES_ERROR;
				GCC_WARN_UNDECLARED_SELECTOR = YES;
				GCC_WARN_UNINITIALIZED_AUTOS = YES_AGGRESSIVE;
				GCC_WARN_UNUSED_FUNCTION = YES;
				GCC_WARN_UNUSED_VARIABLE = YES;
				LOCALIZATION_PREFERS_STRING_CATALOGS = YES;
				MACOSX_DEPLOYMENT_TARGET = 14.5;
				MTL_ENABLE_DEBUG_INFO = INCLUDE_SOURCE;
				MTL_FAST_MATH = YES;
				ONLY_ACTIVE_ARCH = YES;
				SDKROOT = macosx;
				SWIFT_ACTIVE_COMPILATION_CONDITIONS = "DEBUG $(inherited)";
				SWIFT_OPTIMIZATION_LEVEL = "-Onone";
			};
			name = Debug;
		};
		657ED2292C2AAF4400914317 /* Release */ = {
			isa = XCBuildConfiguration;
			buildSettings = {
				ALWAYS_SEARCH_USER_PATHS = NO;
				ASSETCATALOG_COMPILER_GENERATE_SWIFT_ASSET_SYMBOL_EXTENSIONS = YES;
				CLANG_ANALYZER_NONNULL = YES;
				CLANG_ANALYZER_NUMBER_OBJECT_CONVERSION = YES_AGGRESSIVE;
				CLANG_CXX_LANGUAGE_STANDARD = "gnu++20";
				CLANG_ENABLE_MODULES = YES;
				CLANG_ENABLE_OBJC_ARC = YES;
				CLANG_ENABLE_OBJC_WEAK = YES;
				CLANG_WARN_BLOCK_CAPTURE_AUTORELEASING = YES;
				CLANG_WARN_BOOL_CONVERSION = YES;
				CLANG_WARN_COMMA = YES;
				CLANG_WARN_CONSTANT_CONVERSION = YES;
				CLANG_WARN_DEPRECATED_OBJC_IMPLEMENTATIONS = YES;
				CLANG_WARN_DIRECT_OBJC_ISA_USAGE = YES_ERROR;
				CLANG_WARN_DOCUMENTATION_COMMENTS = YES;
				CLANG_WARN_EMPTY_BODY = YES;
				CLANG_WARN_ENUM_CONVERSION = YES;
				CLANG_WARN_INFINITE_RECURSION = YES;
				CLANG_WARN_INT_CONVERSION = YES;
				CLANG_WARN_NON_LITERAL_NULL_CONVERSION = YES;
				CLANG_WARN_OBJC_IMPLICIT_RETAIN_SELF = YES;
				CLANG_WARN_OBJC_LITERAL_CONVERSION = YES;
				CLANG_WARN_OBJC_ROOT_CLASS = YES_ERROR;
				CLANG_WARN_QUOTED_INCLUDE_IN_FRAMEWORK_HEADER = YES;
				CLANG_WARN_RANGE_LOOP_ANALYSIS = YES;
				CLANG_WARN_STRICT_PROTOTYPES = YES;
				CLANG_WARN_SUSPICIOUS_MOVE = YES;
				CLANG_WARN_UNGUARDED_AVAILABILITY = YES_AGGRESSIVE;
				CLANG_WARN_UNREACHABLE_CODE = YES;
				CLANG_WARN__DUPLICATE_METHOD_MATCH = YES;
				COPY_PHASE_STRIP = NO;
				DEBUG_INFORMATION_FORMAT = "dwarf-with-dsym";
				ENABLE_NS_ASSERTIONS = NO;
				ENABLE_STRICT_OBJC_MSGSEND = YES;
				ENABLE_USER_SCRIPT_SANDBOXING = YES;
				GCC_C_LANGUAGE_STANDARD = gnu17;
				GCC_NO_COMMON_BLOCKS = YES;
				GCC_WARN_64_TO_32_BIT_CONVERSION = YES;
				GCC_WARN_ABOUT_RETURN_TYPE = YES_ERROR;
				GCC_WARN_UNDECLARED_SELECTOR = YES;
				GCC_WARN_UNINITIALIZED_AUTOS = YES_AGGRESSIVE;
				GCC_WARN_UNUSED_FUNCTION = YES;
				GCC_WARN_UNUSED_VARIABLE = YES;
				LOCALIZATION_PREFERS_STRING_CATALOGS = YES;
				MACOSX_DEPLOYMENT_TARGET = 14.5;
				MTL_ENABLE_DEBUG_INFO = NO;
				MTL_FAST_MATH = YES;
				SDKROOT = macosx;
				SWIFT_COMPILATION_MODE = wholemodule;
			};
			name = Release;
		};
		657ED22B2C2AAF4400914317 /* Debug */ = {
			isa = XCBuildConfiguration;
			buildSettings = {
				CODE_SIGN_STYLE = Automatic;
				PRODUCT_NAME = "$(TARGET_NAME)";
				SWIFT_VERSION = 5.0;
			};
			name = Debug;
		};
		657ED22C2C2AAF4400914317 /* Release */ = {
			isa = XCBuildConfiguration;
			buildSettings = {
				CODE_SIGN_STYLE = Automatic;
				PRODUCT_NAME = "$(TARGET_NAME)";
				SWIFT_VERSION = 5.0;
			};
			name = Release;
		};
		65B734382C329B5200EBA80C /* Debug */ = {
			isa = XCBuildConfiguration;
			buildSettings = {
				CODE_SIGN_STYLE = Automatic;
				PRODUCT_NAME = "$(TARGET_NAME)";
				SWIFT_VERSION = 5.0;
			};
			name = Debug;
		};
		65B734392C329B5200EBA80C /* Release */ = {
			isa = XCBuildConfiguration;
			buildSettings = {
				CODE_SIGN_STYLE = Automatic;
				PRODUCT_NAME = "$(TARGET_NAME)";
				SWIFT_VERSION = 5.0;
			};
			name = Release;
		};
/* End XCBuildConfiguration section */

/* Begin XCConfigurationList section */
		655181FF2C523A22006F2299 /* Build configuration list for PBXNativeTarget "Woche 5 Tag 4" */ = {
			isa = XCConfigurationList;
			buildConfigurations = (
				655181FD2C523A22006F2299 /* Debug */,
				655181FE2C523A22006F2299 /* Release */,
			);
			defaultConfigurationIsVisible = 0;
			defaultConfigurationName = Release;
		};
		6563C0E22C4F9B5C00731F8A /* Build configuration list for PBXNativeTarget "Woche 5 Tag 2" */ = {
			isa = XCConfigurationList;
			buildConfigurations = (
				6563C0E02C4F9B5C00731F8A /* Debug */,
				6563C0E12C4F9B5C00731F8A /* Release */,
			);
			defaultConfigurationIsVisible = 0;
			defaultConfigurationName = Release;
		};
		6563EA8D2C4E41B600575028 /* Build configuration list for PBXNativeTarget "Woche 5 Tag 1-5" */ = {
			isa = XCConfigurationList;
			buildConfigurations = (
				6563EA8B2C4E41B600575028 /* Debug */,
				6563EA8C2C4E41B600575028 /* Release */,
			);
			defaultConfigurationIsVisible = 0;
			defaultConfigurationName = Release;
		};
		656B51D02C50EFF8002B2565 /* Build configuration list for PBXNativeTarget "Woche 5 Tag 3" */ = {
			isa = XCConfigurationList;
			buildConfigurations = (
				656B51CE2C50EFF8002B2565 /* Debug */,
				656B51CF2C50EFF8002B2565 /* Release */,
			);
			defaultConfigurationIsVisible = 0;
			defaultConfigurationName = Release;
		};
		6572640A2C3BD87200399363 /* Build configuration list for PBXNativeTarget "Woche 3 Tag 1-5" */ = {
			isa = XCConfigurationList;
			buildConfigurations = (
				657264082C3BD87200399363 /* Debug */,
				657264092C3BD87200399363 /* Release */,
			);
			defaultConfigurationIsVisible = 0;
			defaultConfigurationName = Release;
		};
		65747F4A2C369CF300EA3D4B /* Build configuration list for PBXNativeTarget "Woche 2 #" */ = {
			isa = XCConfigurationList;
			buildConfigurations = (
				65747F482C369CF300EA3D4B /* Debug */,
				65747F492C369CF300EA3D4B /* Release */,
			);
			defaultConfigurationIsVisible = 0;
			defaultConfigurationName = Release;
		};
		6579EE862C451B850015CC94 /* Build configuration list for PBXNativeTarget "Woche 4 Tag 1-5" */ = {
			isa = XCConfigurationList;
			buildConfigurations = (
				6579EE872C451B850015CC94 /* Debug */,
				6579EE882C451B850015CC94 /* Release */,
			);
			defaultConfigurationIsVisible = 0;
			defaultConfigurationName = Release;
		};
		6579EE972C4671B10015CC94 /* Build configuration list for PBXNativeTarget "Woche 4 Tag 2" */ = {
			isa = XCConfigurationList;
			buildConfigurations = (
				6579EE952C4671B10015CC94 /* Debug */,
				6579EE962C4671B10015CC94 /* Release */,
			);
			defaultConfigurationIsVisible = 0;
			defaultConfigurationName = Release;
		};
		657ED21E2C2AAF4400914317 /* Build configuration list for PBXProject "CodingChallanges" */ = {
			isa = XCConfigurationList;
			buildConfigurations = (
				657ED2282C2AAF4400914317 /* Debug */,
				657ED2292C2AAF4400914317 /* Release */,
			);
			defaultConfigurationIsVisible = 0;
			defaultConfigurationName = Release;
		};
		657ED22A2C2AAF4400914317 /* Build configuration list for PBXNativeTarget "CodingChallanges" */ = {
			isa = XCConfigurationList;
			buildConfigurations = (
				657ED22B2C2AAF4400914317 /* Debug */,
				657ED22C2C2AAF4400914317 /* Release */,
			);
			defaultConfigurationIsVisible = 0;
			defaultConfigurationName = Release;
		};
		65B7343A2C329B5200EBA80C /* Build configuration list for PBXNativeTarget "Woche 2" */ = {
			isa = XCConfigurationList;
			buildConfigurations = (
				65B734382C329B5200EBA80C /* Debug */,
				65B734392C329B5200EBA80C /* Release */,
			);
			defaultConfigurationIsVisible = 0;
			defaultConfigurationName = Release;
		};
/* End XCConfigurationList section */
	};
	rootObject = 657ED21B2C2AAF4400914317 /* Project object */;
}
